
Microsoft Visual Studio Solution File, Format Version 12.00
# Visual Studio Version 16
VisualStudioVersion = 16.0.31410.357
MinimumVisualStudioVersion = 10.0.40219.1
Project("{FAE04EC0-301F-11D3-BF4B-00C04F79EFBC}") = "BillingProcess", "BillingProcess\BillingProcess.csproj", "{E3D25DDC-C6F7-4BE7-AD46-7C94516FBB43}"
EndProject
Global
	GlobalSection(SolutionConfigurationPlatforms) = preSolution
		Debug|Any CPU = Debug|Any CPU
		Release|Any CPU = Release|Any CPU
	EndGlobalSection
	GlobalSection(ProjectConfigurationPlatforms) = postSolution
		{E3D25DDC-C6F7-4BE7-AD46-7C94516FBB43}.Debug|Any CPU.ActiveCfg = Debug|Any CPU
		{E3D25DDC-C6F7-4BE7-AD46-7C94516FBB43}.Debug|Any CPU.Build.0 = Debug|Any CPU
		{E3D25DDC-C6F7-4BE7-AD46-7C94516FBB43}.Release|Any CPU.ActiveCfg = Release|Any CPU
		{E3D25DDC-C6F7-4BE7-AD46-7C94516FBB43}.Release|Any CPU.Build.0 = Release|Any CPU
	EndGlobalSection
	GlobalSection(SolutionProperties) = preSolution
		HideSolutionNode = FALSE
	EndGlobalSection
	GlobalSection(ExtensibilityGlobals) = postSolution
		SolutionGuid = {2513C7A4-CC49-4032-A16B-AE7CED4C6B5D}
	EndGlobalSection
EndGlobal
